
Microsoft Visual Studio Solution File, Format Version 12.00
# Visual Studio Version 17
VisualStudioVersion = 17.5.002.0
MinimumVisualStudioVersion = 10.0.40219.1
Project("{9A19103F-16F7-4668-BE54-9A1E7A4F7556}") = "azurefunctions", "azurefunctions.csproj", "{B5404663-6567-41CA-B9A5-E5AAEE69B573}"
EndProject
Global
	GlobalSection(SolutionConfigurationPlatforms) = preSolution
		Debug|Any CPU = Debug|Any CPU
		Release|Any CPU = Release|Any CPU
	EndGlobalSection
	GlobalSection(ProjectConfigurationPlatforms) = postSolution
		{B5404663-6567-41CA-B9A5-E5AAEE69B573}.Debug|Any CPU.ActiveCfg = Debug|Any CPU
		{B5404663-6567-41CA-B9A5-E5AAEE69B573}.Debug|Any CPU.Build.0 = Debug|Any CPU
		{B5404663-6567-41CA-B9A5-E5AAEE69B573}.Release|Any CPU.ActiveCfg = Release|Any CPU
		{B5404663-6567-41CA-B9A5-E5AAEE69B573}.Release|Any CPU.Build.0 = Release|Any CPU
	EndGlobalSection
	GlobalSection(SolutionProperties) = preSolution
		HideSolutionNode = FALSE
	EndGlobalSection
	GlobalSection(ExtensibilityGlobals) = postSolution
		SolutionGuid = {9BAC7135-A1F3-4FE6-94F8-F37D1EEF054A}
	EndGlobalSection
EndGlobal
